
Microsoft Visual Studio Solution File, Format Version 12.00
# Visual Studio Version 16
VisualStudioVersion = 16.0.30516.212
MinimumVisualStudioVersion = 10.0.40219.1
Project("{FAE04EC0-301F-11D3-BF4B-00C04F79EFBC}") = "TakChat", "TakChat\TakChat.csproj", "{51ADF0AF-C88B-4B85-A03D-4C2E902060AC}"
EndProject
Global
	GlobalSection(SolutionConfigurationPlatforms) = preSolution
		Debug|Any CPU = Debug|Any CPU
		Release|Any CPU = Release|Any CPU
	EndGlobalSection
	GlobalSection(ProjectConfigurationPlatforms) = postSolution
		{51ADF0AF-C88B-4B85-A03D-4C2E902060AC}.Debug|Any CPU.ActiveCfg = Debug|Any CPU
		{51ADF0AF-C88B-4B85-A03D-4C2E902060AC}.Debug|Any CPU.Build.0 = Debug|Any CPU
		{51ADF0AF-C88B-4B85-A03D-4C2E902060AC}.Release|Any CPU.ActiveCfg = Release|Any CPU
		{51ADF0AF-C88B-4B85-A03D-4C2E902060AC}.Release|Any CPU.Build.0 = Release|Any CPU
	EndGlobalSection
	GlobalSection(SolutionProperties) = preSolution
		HideSolutionNode = FALSE
	EndGlobalSection
	GlobalSection(ExtensibilityGlobals) = postSolution
		SolutionGuid = {58488E19-FA26-4032-891C-EBB26A73B923}
	EndGlobalSection
EndGlobal
